{"version":4,"terraform_version":"1.8.5","serial":3,"lineage":"947cf692-098c-55c8-6625-add448829a0a","outputs":{},"resources":[{"module":"module.repo_student_001","mode":"managed","type":"github_branch_protection","name":"this","provider":"module.repo_student_001.provider[\"registry.opentofu.org/integrations/github\"]","instances":[{"index_key":"main","schema_version":2,"attributes":{"allows_deletions":false,"allows_force_pushes":false,"enforce_admins":false,"force_push_bypassers":null,"id":"BPR_kwDONNGT0s4DZrPk","lock_branch":false,"pattern":"main","repository_id":"repo_student_001","require_conversation_resolution":false,"require_signed_commits":false,"required_linear_history":false,"required_pull_request_reviews":[],"required_status_checks":[],"restrict_pushes":[]},"sensitive_attributes":[],"private":"eyJzY2hlbWFfdmVyc2lvbiI6IjIifQ==","dependencies":["module.repo_student_001.github_repository.this"]},{"index_key":"release/*","schema_version":2,"attributes":{"allows_deletions":false,"allows_force_pushes":false,"enforce_admins":false,"force_push_bypassers":null,"id":"BPR_kwDONNGT0s4DZrPj","lock_branch":false,"pattern":"release/*","repository_id":"repo_student_001","require_conversation_resolution":false,"require_signed_commits":false,"required_linear_history":false,"required_pull_request_reviews":[],"required_status_checks":[],"restrict_pushes":[]},"sensitive_attributes":[],"private":"eyJzY2hlbWFfdmVyc2lvbiI6IjIifQ==","dependencies":["module.repo_student_001.github_repository.this"]}]},{"module":"module.repo_student_001","mode":"managed","type":"github_repository","name":"this","provider":"module.repo_student_001.provider[\"registry.opentofu.org/integrations/github\"]","instances":[{"schema_version":1,"attributes":{"allow_auto_merge":true,"allow_merge_commit":true,"allow_rebase_merge":true,"allow_squash_merge":true,"allow_update_branch":true,"archive_on_destroy":true,"archived":false,"auto_init":true,"default_branch":"main","delete_branch_on_merge":true,"description":"[terraform] Repo for student 001","etag":"W/\"f7a872758dce6cc5ba7babcb4981c1eef07e05a81032d314be10666fdc80f7ca\"","full_name":"vkanproton/repo_student_001","git_clone_url":"git://github.com/vkanproton/repo_student_001.git","gitignore_template":null,"has_discussions":false,"has_downloads":false,"has_issues":false,"has_projects":false,"has_wiki":false,"homepage_url":"","html_url":"https://github.com/vkanproton/repo_student_001","http_clone_url":"https://github.com/vkanproton/repo_student_001.git","id":"repo_student_001","ignore_vulnerability_alerts_during_read":true,"is_template":false,"license_template":null,"merge_commit_message":"PR_TITLE","merge_commit_title":"MERGE_MESSAGE","name":"repo_student_001","node_id":"R_kgDONNGT0g","pages":[],"primary_language":"","private":false,"repo_id":886150098,"security_and_analysis":[{"advanced_security":[],"secret_scanning":[{"status":"enabled"}],"secret_scanning_push_protection":[{"status":"enabled"}]}],"squash_merge_commit_message":"COMMIT_MESSAGES","squash_merge_commit_title":"COMMIT_OR_PR_TITLE","ssh_clone_url":"git@github.com:vkanproton/repo_student_001.git","svn_url":"https://github.com/vkanproton/repo_student_001","template":[],"topics":["terraform"],"visibility":"public","vulnerability_alerts":false,"web_commit_signoff_required":false},"sensitive_attributes":[],"private":"eyJzY2hlbWFfdmVyc2lvbiI6IjEifQ=="}]},{"module":"module.repo_student_001","mode":"managed","type":"github_repository_collaborator","name":"this","provider":"module.repo_student_001.provider[\"registry.opentofu.org/integrations/github\"]","instances":[{"index_key":"MarkGibbons","schema_version":0,"attributes":{"id":"repo_student_001:MarkGibbons","invitation_id":"267295965","permission":"push","permission_diff_suppression":false,"repository":"repo_student_001","username":"MarkGibbons"},"sensitive_attributes":[],"private":"bnVsbA==","dependencies":["module.repo_student_001.github_repository.this"]}]},{"module":"module.repo_student_002","mode":"managed","type":"github_branch_protection","name":"this","provider":"module.repo_student_002.provider[\"registry.opentofu.org/integrations/github\"]","instances":[{"index_key":"staging","schema_version":2,"attributes":{"allows_deletions":false,"allows_force_pushes":false,"enforce_admins":false,"force_push_bypassers":null,"id":"BPR_kwDONNGTz84DZrPh","lock_branch":false,"pattern":"staging","repository_id":"repo_student_002","require_conversation_resolution":false,"require_signed_commits":false,"required_linear_history":false,"required_pull_request_reviews":[],"required_status_checks":[],"restrict_pushes":[]},"sensitive_attributes":[],"private":"eyJzY2hlbWFfdmVyc2lvbiI6IjIifQ==","dependencies":["module.repo_student_002.github_repository.this"]}]},{"module":"module.repo_student_002","mode":"managed","type":"github_repository","name":"this","provider":"module.repo_student_002.provider[\"registry.opentofu.org/integrations/github\"]","instances":[{"schema_version":1,"attributes":{"allow_auto_merge":true,"allow_merge_commit":true,"allow_rebase_merge":true,"allow_squash_merge":true,"allow_update_branch":true,"archive_on_destroy":true,"archived":false,"auto_init":true,"default_branch":"main","delete_branch_on_merge":true,"description":"[terraform] Repo for student 002","etag":"W/\"f3a994fbc056bdbb6f80f864527d43b07b67e4f31a3bbc522c9dbaebba12cf53\"","full_name":"vkanproton/repo_student_002","git_clone_url":"git://github.com/vkanproton/repo_student_002.git","gitignore_template":null,"has_discussions":false,"has_downloads":false,"has_issues":false,"has_projects":false,"has_wiki":false,"homepage_url":"","html_url":"https://github.com/vkanproton/repo_student_002","http_clone_url":"https://github.com/vkanproton/repo_student_002.git","id":"repo_student_002","ignore_vulnerability_alerts_during_read":true,"is_template":false,"license_template":null,"merge_commit_message":"PR_TITLE","merge_commit_title":"MERGE_MESSAGE","name":"repo_student_002","node_id":"R_kgDONNGTzw","pages":[],"primary_language":"","private":false,"repo_id":886150095,"security_and_analysis":[{"advanced_security":[],"secret_scanning":[{"status":"enabled"}],"secret_scanning_push_protection":[{"status":"enabled"}]}],"squash_merge_commit_message":"COMMIT_MESSAGES","squash_merge_commit_title":"COMMIT_OR_PR_TITLE","ssh_clone_url":"git@github.com:vkanproton/repo_student_002.git","svn_url":"https://github.com/vkanproton/repo_student_002","template":[],"topics":["terraform"],"visibility":"public","vulnerability_alerts":false,"web_commit_signoff_required":false},"sensitive_attributes":[],"private":"eyJzY2hlbWFfdmVyc2lvbiI6IjEifQ=="}]},{"module":"module.repo_student_002","mode":"managed","type":"github_repository_collaborator","name":"this","provider":"module.repo_student_002.provider[\"registry.opentofu.org/integrations/github\"]","instances":[{"index_key":"lamont","schema_version":0,"attributes":{"id":"repo_student_002:lamont","invitation_id":"267295967","permission":"push","permission_diff_suppression":false,"repository":"repo_student_002","username":"lamont"},"sensitive_attributes":[],"private":"bnVsbA==","dependencies":["module.repo_student_002.github_repository.this"]},{"index_key":"stevemoser","schema_version":0,"attributes":{"id":"repo_student_002:stevemoser","invitation_id":"267295966","permission":"push","permission_diff_suppression":false,"repository":"repo_student_002","username":"stevemoser"},"sensitive_attributes":[],"private":"bnVsbA==","dependencies":["module.repo_student_002.github_repository.this"]}]}],"check_results":null}
